
Microsoft Visual Studio Solution File, Format Version 12.00
# Visual Studio Version 16
VisualStudioVersion = 16.0.29613.14
MinimumVisualStudioVersion = 10.0.40219.1
Project("{FAE04EC0-301F-11D3-BF4B-00C04F79EFBC}") = "GraphFightServer", "GraphFightServer\GraphFightServer.csproj", "{346C6FCD-48F2-4322-8B26-E5BDB0B36110}"
EndProject
Project("{FAE04EC0-301F-11D3-BF4B-00C04F79EFBC}") = "GraphFightCommon", "GraphFightCommon\GraphFightCommon.csproj", "{C5F223C1-E163-474B-9670-70D947A45339}"
EndProject
Project("{FAE04EC0-301F-11D3-BF4B-00C04F79EFBC}") = "GraphFightCommonTests", "GraphFightCommonTests\GraphFightCommonTests.csproj", "{7BF045F6-2D5A-4AB5-9613-E5D918F487CE}"
EndProject
Global
	GlobalSection(SolutionConfigurationPlatforms) = preSolution
		Debug|Any CPU = Debug|Any CPU
		Release|Any CPU = Release|Any CPU
	EndGlobalSection
	GlobalSection(ProjectConfigurationPlatforms) = postSolution
		{346C6FCD-48F2-4322-8B26-E5BDB0B36110}.Debug|Any CPU.ActiveCfg = Debug|Any CPU
		{346C6FCD-48F2-4322-8B26-E5BDB0B36110}.Debug|Any CPU.Build.0 = Debug|Any CPU
		{346C6FCD-48F2-4322-8B26-E5BDB0B36110}.Release|Any CPU.ActiveCfg = Release|Any CPU
		{346C6FCD-48F2-4322-8B26-E5BDB0B36110}.Release|Any CPU.Build.0 = Release|Any CPU
		{C5F223C1-E163-474B-9670-70D947A45339}.Debug|Any CPU.ActiveCfg = Debug|Any CPU
		{C5F223C1-E163-474B-9670-70D947A45339}.Debug|Any CPU.Build.0 = Debug|Any CPU
		{C5F223C1-E163-474B-9670-70D947A45339}.Release|Any CPU.ActiveCfg = Release|Any CPU
		{C5F223C1-E163-474B-9670-70D947A45339}.Release|Any CPU.Build.0 = Release|Any CPU
		{7BF045F6-2D5A-4AB5-9613-E5D918F487CE}.Debug|Any CPU.ActiveCfg = Debug|Any CPU
		{7BF045F6-2D5A-4AB5-9613-E5D918F487CE}.Debug|Any CPU.Build.0 = Debug|Any CPU
		{7BF045F6-2D5A-4AB5-9613-E5D918F487CE}.Release|Any CPU.ActiveCfg = Release|Any CPU
		{7BF045F6-2D5A-4AB5-9613-E5D918F487CE}.Release|Any CPU.Build.0 = Release|Any CPU
	EndGlobalSection
	GlobalSection(SolutionProperties) = preSolution
		HideSolutionNode = FALSE
	EndGlobalSection
	GlobalSection(ExtensibilityGlobals) = postSolution
		SolutionGuid = {F323D778-28A2-4CD5-BC44-D0C64E3ABD53}
	EndGlobalSection
EndGlobal
